
Microsoft Visual Studio Solution File, Format Version 12.00
# Visual Studio Version 17
VisualStudioVersion = 17.3.32929.385
MinimumVisualStudioVersion = 10.0.40219.1
Project("{FAE04EC0-301F-11D3-BF4B-00C04F79EFBC}") = "1-PrimeiroProjeto", "1-PrimeiroProjeto\1-PrimeiroProjeto.csproj", "{9DCCD53C-F9E2-4282-A320-56B53376096A}"
EndProject
Project("{FAE04EC0-301F-11D3-BF4B-00C04F79EFBC}") = "2-CriandoVariaveis", "2-CriandoVariaveis\2-CriandoVariaveis.csproj", "{613BE640-7A02-410A-B031-F1D29FB61D0F}"
EndProject
Project("{FAE04EC0-301F-11D3-BF4B-00C04F79EFBC}") = "3-CriandoVariaveisPontoFlutuante", "3-CriandoVariaveisPontoFlutuante\3-CriandoVariaveisPontoFlutuante.csproj", "{B0B8C937-2FB4-42EF-8EAE-04F52578A85D}"
EndProject
Project("{FAE04EC0-301F-11D3-BF4B-00C04F79EFBC}") = "4-ConversoesEOutrosTiposNumericos", "4-ConversoesEOutrosTiposNumericos\4-ConversoesEOutrosTiposNumericos.csproj", "{9928F27A-F43F-4C58-AFDB-5F1A31DEFB67}"
EndProject
Project("{FAE04EC0-301F-11D3-BF4B-00C04F79EFBC}") = "5-CaracteresETextos", "5-CaracteresETextos\5-CaracteresETextos.csproj", "{DB2FD991-464F-4A7C-ACD8-45CAD75DB633}"
EndProject
Project("{FAE04EC0-301F-11D3-BF4B-00C04F79EFBC}") = "6-AtribuicoesDeVariaveis", "6-AtribuicoesDeVariaveis\6-AtribuicoesDeVariaveis.csproj", "{7D3D08D6-C988-4419-A871-9B2ECA3BE500}"
EndProject
Project("{FAE04EC0-301F-11D3-BF4B-00C04F79EFBC}") = "7-Condicionais", "7-Condicionais\7-Condicionais.csproj", "{7446E109-762E-407C-B129-793C13329619}"
EndProject
Global
	GlobalSection(SolutionConfigurationPlatforms) = preSolution
		Debug|Any CPU = Debug|Any CPU
		Release|Any CPU = Release|Any CPU
	EndGlobalSection
	GlobalSection(ProjectConfigurationPlatforms) = postSolution
		{9DCCD53C-F9E2-4282-A320-56B53376096A}.Debug|Any CPU.ActiveCfg = Debug|Any CPU
		{9DCCD53C-F9E2-4282-A320-56B53376096A}.Debug|Any CPU.Build.0 = Debug|Any CPU
		{9DCCD53C-F9E2-4282-A320-56B53376096A}.Release|Any CPU.ActiveCfg = Release|Any CPU
		{9DCCD53C-F9E2-4282-A320-56B53376096A}.Release|Any CPU.Build.0 = Release|Any CPU
		{613BE640-7A02-410A-B031-F1D29FB61D0F}.Debug|Any CPU.ActiveCfg = Debug|Any CPU
		{613BE640-7A02-410A-B031-F1D29FB61D0F}.Debug|Any CPU.Build.0 = Debug|Any CPU
		{613BE640-7A02-410A-B031-F1D29FB61D0F}.Release|Any CPU.ActiveCfg = Release|Any CPU
		{613BE640-7A02-410A-B031-F1D29FB61D0F}.Release|Any CPU.Build.0 = Release|Any CPU
		{B0B8C937-2FB4-42EF-8EAE-04F52578A85D}.Debug|Any CPU.ActiveCfg = Debug|Any CPU
		{B0B8C937-2FB4-42EF-8EAE-04F52578A85D}.Debug|Any CPU.Build.0 = Debug|Any CPU
		{B0B8C937-2FB4-42EF-8EAE-04F52578A85D}.Release|Any CPU.ActiveCfg = Release|Any CPU
		{B0B8C937-2FB4-42EF-8EAE-04F52578A85D}.Release|Any CPU.Build.0 = Release|Any CPU
		{9928F27A-F43F-4C58-AFDB-5F1A31DEFB67}.Debug|Any CPU.ActiveCfg = Debug|Any CPU
		{9928F27A-F43F-4C58-AFDB-5F1A31DEFB67}.Debug|Any CPU.Build.0 = Debug|Any CPU
		{9928F27A-F43F-4C58-AFDB-5F1A31DEFB67}.Release|Any CPU.ActiveCfg = Release|Any CPU
		{9928F27A-F43F-4C58-AFDB-5F1A31DEFB67}.Release|Any CPU.Build.0 = Release|Any CPU
		{DB2FD991-464F-4A7C-ACD8-45CAD75DB633}.Debug|Any CPU.ActiveCfg = Debug|Any CPU
		{DB2FD991-464F-4A7C-ACD8-45CAD75DB633}.Debug|Any CPU.Build.0 = Debug|Any CPU
		{DB2FD991-464F-4A7C-ACD8-45CAD75DB633}.Release|Any CPU.ActiveCfg = Release|Any CPU
		{DB2FD991-464F-4A7C-ACD8-45CAD75DB633}.Release|Any CPU.Build.0 = Release|Any CPU
		{7D3D08D6-C988-4419-A871-9B2ECA3BE500}.Debug|Any CPU.ActiveCfg = Debug|Any CPU
		{7D3D08D6-C988-4419-A871-9B2ECA3BE500}.Debug|Any CPU.Build.0 = Debug|Any CPU
		{7D3D08D6-C988-4419-A871-9B2ECA3BE500}.Release|Any CPU.ActiveCfg = Release|Any CPU
		{7D3D08D6-C988-4419-A871-9B2ECA3BE500}.Release|Any CPU.Build.0 = Release|Any CPU
		{7446E109-762E-407C-B129-793C13329619}.Debug|Any CPU.ActiveCfg = Debug|Any CPU
		{7446E109-762E-407C-B129-793C13329619}.Debug|Any CPU.Build.0 = Debug|Any CPU
		{7446E109-762E-407C-B129-793C13329619}.Release|Any CPU.ActiveCfg = Release|Any CPU
		{7446E109-762E-407C-B129-793C13329619}.Release|Any CPU.Build.0 = Release|Any CPU
	EndGlobalSection
	GlobalSection(SolutionProperties) = preSolution
		HideSolutionNode = FALSE
	EndGlobalSection
	GlobalSection(ExtensibilityGlobals) = postSolution
		SolutionGuid = {F1559A4B-3D7C-4D65-B166-FC71CD17CF89}
	EndGlobalSection
EndGlobal
