
Microsoft Visual Studio Solution File, Format Version 12.00
# Visual Studio Version 17
VisualStudioVersion = 17.3.32929.385
MinimumVisualStudioVersion = 10.0.40219.1
Project("{FAE04EC0-301F-11D3-BF4B-00C04F79EFBC}") = "1-PrimeiroProjeto", "1-PrimeiroProjeto\1-PrimeiroProjeto.csproj", "{9DCCD53C-F9E2-4282-A320-56B53376096A}"
EndProject
Global
	GlobalSection(SolutionConfigurationPlatforms) = preSolution
		Debug|Any CPU = Debug|Any CPU
		Release|Any CPU = Release|Any CPU
	EndGlobalSection
	GlobalSection(ProjectConfigurationPlatforms) = postSolution
		{9DCCD53C-F9E2-4282-A320-56B53376096A}.Debug|Any CPU.ActiveCfg = Debug|Any CPU
		{9DCCD53C-F9E2-4282-A320-56B53376096A}.Debug|Any CPU.Build.0 = Debug|Any CPU
		{9DCCD53C-F9E2-4282-A320-56B53376096A}.Release|Any CPU.ActiveCfg = Release|Any CPU
		{9DCCD53C-F9E2-4282-A320-56B53376096A}.Release|Any CPU.Build.0 = Release|Any CPU
	EndGlobalSection
	GlobalSection(SolutionProperties) = preSolution
		HideSolutionNode = FALSE
	EndGlobalSection
	GlobalSection(ExtensibilityGlobals) = postSolution
		SolutionGuid = {F1559A4B-3D7C-4D65-B166-FC71CD17CF89}
	EndGlobalSection
EndGlobal
